<?xml version="1.0" encoding="UTF-8" standalone="yes" ?>
<CodeBlocks_project_file>
	<FileVersion major="1" minor="6" />
	<Project>
		<Option title="SokoRun" />
		<Option pch_mode="2" />
		<Option compiler="gcc" />
		<Build>
			<Target title="Debug">
				<Option output="bin\Debug\SokoRun" prefix_auto="1" extension_auto="1" />
				<Option working_dir="C:\Program Files\CodeBlocks\glfw-2.5\bin" />
				<Option object_output="obj\Debug\" />
				<Option type="1" />
				<Option compiler="gcc" />
				<Compiler>
					<Add option="-g" />
				</Compiler>
			</Target>
			<Target title="Release">
				<Option output="bin\Release\SokoRun" prefix_auto="1" extension_auto="1" />
				<Option working_dir="C:\Program Files\CodeBlocks\glfw-2.5\bin" />
				<Option object_output="obj\Release\" />
				<Option type="0" />
				<Option compiler="gcc" />
				<Compiler>
					<Add option="-O2" />
				</Compiler>
				<Linker>
					<Add option="-s" />
				</Linker>
			</Target>
		</Build>
		<Compiler>
			<Add option="-Wall" />
			<Add directory="D:\Installierte Programme (x86)\CodeBlocks\MinGW\include" />
		</Compiler>
		<Linker>
			<Add library="glfw" />
			<Add library="opengl32" />
			<Add library="glu32" />
			<Add library="gdi32" />
			<Add directory="D:\Installierte Programme (x86)\CodeBlocks\MinGW\lib" />
		</Linker>
		<Unit filename="animation.cpp">
			<Option target="Debug" />
		</Unit>
		<Unit filename="animation.h">
			<Option target="&lt;{~None~}&gt;" />
		</Unit>
		<Unit filename="avatar.cpp">
			<Option target="Debug" />
		</Unit>
		<Unit filename="avatar.h">
			<Option target="Release" />
		</Unit>
		<Unit filename="button.cpp">
			<Option target="Debug" />
		</Unit>
		<Unit filename="button.h">
			<Option target="&lt;{~None~}&gt;" />
		</Unit>
		<Unit filename="definitions.cpp">
			<Option target="Debug" />
		</Unit>
		<Unit filename="definitions.h">
			<Option target="Release" />
		</Unit>
		<Unit filename="display.cpp">
			<Option target="Debug" />
		</Unit>
		<Unit filename="display.h">
			<Option target="Release" />
		</Unit>
		<Unit filename="editor.cpp">
			<Option target="Debug" />
		</Unit>
		<Unit filename="editor.h">
			<Option target="Release" />
		</Unit>
		<Unit filename="filesystemutility.cpp" />
		<Unit filename="filesystemutility.h" />
		<Unit filename="game.cpp" />
		<Unit filename="game.h">
			<Option target="Release" />
		</Unit>
		<Unit filename="gameclass.cpp">
			<Option target="Debug" />
		</Unit>
		<Unit filename="gameclass.h">
			<Option target="Release" />
		</Unit>
		<Unit filename="gameguide.cpp">
			<Option target="Debug" />
		</Unit>
		<Unit filename="gameguide.h">
			<Option target="Release" />
		</Unit>
		<Unit filename="gamelog.cpp">
			<Option target="Debug" />
		</Unit>
		<Unit filename="gamelog.h">
			<Option target="&lt;{~None~}&gt;" />
		</Unit>
		<Unit filename="globals.cpp">
			<Option target="Debug" />
		</Unit>
		<Unit filename="globals.h">
			<Option target="Debug" />
		</Unit>
		<Unit filename="graphics.cpp">
			<Option target="Debug" />
		</Unit>
		<Unit filename="graphics.h">
			<Option target="Release" />
		</Unit>
		<Unit filename="highscore.cpp">
			<Option target="Debug" />
		</Unit>
		<Unit filename="highscore.h">
			<Option target="Release" />
		</Unit>
		<Unit filename="kugel.cpp">
			<Option target="Debug" />
		</Unit>
		<Unit filename="kugel.h">
			<Option target="Release" />
		</Unit>
		<Unit filename="levelclass.cpp">
			<Option target="Debug" />
		</Unit>
		<Unit filename="levelclass.h">
			<Option target="Release" />
		</Unit>
		<Unit filename="levelselect.cpp">
			<Option target="Debug" />
		</Unit>
		<Unit filename="levelselect.h">
			<Option target="Release" />
		</Unit>
		<Unit filename="lock.cpp">
			<Option target="Debug" />
		</Unit>
		<Unit filename="lock.h">
			<Option target="&lt;{~None~}&gt;" />
		</Unit>
		<Unit filename="logger.cpp">
			<Option target="Debug" />
		</Unit>
		<Unit filename="logger.h">
			<Option target="Release" />
		</Unit>
		<Unit filename="main.cpp" />
		<Unit filename="main.h">
			<Option target="Release" />
		</Unit>
		<Unit filename="mainmenue.cpp">
			<Option target="Debug" />
		</Unit>
		<Unit filename="mainmenue.h">
			<Option target="Release" />
		</Unit>
		<Unit filename="score.cpp">
			<Option target="Debug" />
		</Unit>
		<Unit filename="score.h">
			<Option target="Release" />
		</Unit>
		<Unit filename="tga.h">
			<Option target="Release" />
		</Unit>
		<Unit filename="transporter.cpp">
			<Option target="Debug" />
		</Unit>
		<Unit filename="transporter.h">
			<Option target="&lt;{~None~}&gt;" />
		</Unit>
		<Extensions>
			<code_completion />
			<debugger />
		</Extensions>
	</Project>
</CodeBlocks_project_file>
